
Microsoft Visual Studio Solution File, Format Version 12.00
# Visual Studio Version 17
VisualStudioVersion = 17.0.32112.339
MinimumVisualStudioVersion = 10.0.40219.1
Project("{2150E333-8FDC-42A3-9474-1A3956D46DE8}") = "storages", "storages", "{4208F73D-F2FD-4CC5-95CF-CEC713BDD54D}"
EndProject
Project("{9A19103F-16F7-4668-BE54-9A1E7A4F7556}") = "Elders.FileStorage", "Elders.FileStorage\Elders.FileStorage.csproj", "{4A75D96F-8119-4154-81C3-139AA6BB50AE}"
EndProject
Project("{9A19103F-16F7-4668-BE54-9A1E7A4F7556}") = "Elders.FileStorage.Azure", "Elders.FileStorage.Azure\Elders.FileStorage.Azure.csproj", "{FD6B2C95-3FF1-468B-9C89-52E650A83624}"
EndProject
Project("{9A19103F-16F7-4668-BE54-9A1E7A4F7556}") = "Options.Extensions", "Options.Extensions\Options.Extensions.csproj", "{FADAB0E3-13A7-43EF-805C-B1A56AAFF998}"
EndProject
Project("{9A19103F-16F7-4668-BE54-9A1E7A4F7556}") = "Elders.FileStorage.Playground", "Elders.FileStorage.Playground\Elders.FileStorage.Playground.csproj", "{96109ADF-BA97-4CED-8177-EC2154870396}"
EndProject
Project("{2150E333-8FDC-42A3-9474-1A3956D46DE8}") = "Solution Items", "Solution Items", "{E924522D-25D3-44D5-9066-DC0EBC922A39}"
	ProjectSection(SolutionItems) = preProject
		Directory.Build.props = Directory.Build.props
	EndProjectSection
EndProject
Project("{FAE04EC0-301F-11D3-BF4B-00C04F79EFBC}") = "FileStorage.Azure", "FileStorage.Azure\FileStorage.Azure.csproj", "{990E5ADD-6339-49FA-B258-4AE67EAE94A2}"
EndProject
Global
	GlobalSection(SolutionConfigurationPlatforms) = preSolution
		Debug|Any CPU = Debug|Any CPU
		Release|Any CPU = Release|Any CPU
	EndGlobalSection
	GlobalSection(ProjectConfigurationPlatforms) = postSolution
		{4A75D96F-8119-4154-81C3-139AA6BB50AE}.Debug|Any CPU.ActiveCfg = Debug|Any CPU
		{4A75D96F-8119-4154-81C3-139AA6BB50AE}.Debug|Any CPU.Build.0 = Debug|Any CPU
		{4A75D96F-8119-4154-81C3-139AA6BB50AE}.Release|Any CPU.ActiveCfg = Release|Any CPU
		{4A75D96F-8119-4154-81C3-139AA6BB50AE}.Release|Any CPU.Build.0 = Release|Any CPU
		{FD6B2C95-3FF1-468B-9C89-52E650A83624}.Debug|Any CPU.ActiveCfg = Debug|Any CPU
		{FD6B2C95-3FF1-468B-9C89-52E650A83624}.Debug|Any CPU.Build.0 = Debug|Any CPU
		{FD6B2C95-3FF1-468B-9C89-52E650A83624}.Release|Any CPU.ActiveCfg = Release|Any CPU
		{FD6B2C95-3FF1-468B-9C89-52E650A83624}.Release|Any CPU.Build.0 = Release|Any CPU
		{FADAB0E3-13A7-43EF-805C-B1A56AAFF998}.Debug|Any CPU.ActiveCfg = Debug|Any CPU
		{FADAB0E3-13A7-43EF-805C-B1A56AAFF998}.Debug|Any CPU.Build.0 = Debug|Any CPU
		{FADAB0E3-13A7-43EF-805C-B1A56AAFF998}.Release|Any CPU.ActiveCfg = Release|Any CPU
		{FADAB0E3-13A7-43EF-805C-B1A56AAFF998}.Release|Any CPU.Build.0 = Release|Any CPU
		{96109ADF-BA97-4CED-8177-EC2154870396}.Debug|Any CPU.ActiveCfg = Debug|Any CPU
		{96109ADF-BA97-4CED-8177-EC2154870396}.Debug|Any CPU.Build.0 = Debug|Any CPU
		{96109ADF-BA97-4CED-8177-EC2154870396}.Release|Any CPU.ActiveCfg = Release|Any CPU
		{96109ADF-BA97-4CED-8177-EC2154870396}.Release|Any CPU.Build.0 = Release|Any CPU
		{990E5ADD-6339-49FA-B258-4AE67EAE94A2}.Debug|Any CPU.ActiveCfg = Debug|Any CPU
		{990E5ADD-6339-49FA-B258-4AE67EAE94A2}.Debug|Any CPU.Build.0 = Debug|Any CPU
		{990E5ADD-6339-49FA-B258-4AE67EAE94A2}.Release|Any CPU.ActiveCfg = Release|Any CPU
		{990E5ADD-6339-49FA-B258-4AE67EAE94A2}.Release|Any CPU.Build.0 = Release|Any CPU
	EndGlobalSection
	GlobalSection(SolutionProperties) = preSolution
		HideSolutionNode = FALSE
	EndGlobalSection
	GlobalSection(NestedProjects) = preSolution
		{FD6B2C95-3FF1-468B-9C89-52E650A83624} = {4208F73D-F2FD-4CC5-95CF-CEC713BDD54D}
	EndGlobalSection
	GlobalSection(ExtensibilityGlobals) = postSolution
		SolutionGuid = {B930B25B-61E0-4C78-B89C-2E90CBD8380F}
	EndGlobalSection
EndGlobal
