
Microsoft Visual Studio Solution File, Format Version 12.00
# Visual Studio 14
VisualStudioVersion = 14.0.24720.0
MinimumVisualStudioVersion = 10.0.40219.1
Project("{FAE04EC0-301F-11D3-BF4B-00C04F79EFBC}") = "FileStorage", "FileStorage\FileStorage.csproj", "{852D2C62-E1F5-4302-8067-4FF0CC7F7C03}"
EndProject
Project("{FAE04EC0-301F-11D3-BF4B-00C04F79EFBC}") = "FileStorage.Client", "FileStorage.Client\FileStorage.Client.csproj", "{C2E2461E-0034-4318-AD49-BD9629662D87}"
EndProject
Global
	GlobalSection(SolutionConfigurationPlatforms) = preSolution
		Debug|Any CPU = Debug|Any CPU
		Release|Any CPU = Release|Any CPU
	EndGlobalSection
	GlobalSection(ProjectConfigurationPlatforms) = postSolution
		{852D2C62-E1F5-4302-8067-4FF0CC7F7C03}.Debug|Any CPU.ActiveCfg = Debug|Any CPU
		{852D2C62-E1F5-4302-8067-4FF0CC7F7C03}.Debug|Any CPU.Build.0 = Debug|Any CPU
		{852D2C62-E1F5-4302-8067-4FF0CC7F7C03}.Release|Any CPU.ActiveCfg = Release|Any CPU
		{852D2C62-E1F5-4302-8067-4FF0CC7F7C03}.Release|Any CPU.Build.0 = Release|Any CPU
		{C2E2461E-0034-4318-AD49-BD9629662D87}.Debug|Any CPU.ActiveCfg = Debug|Any CPU
		{C2E2461E-0034-4318-AD49-BD9629662D87}.Debug|Any CPU.Build.0 = Debug|Any CPU
		{C2E2461E-0034-4318-AD49-BD9629662D87}.Release|Any CPU.ActiveCfg = Release|Any CPU
		{C2E2461E-0034-4318-AD49-BD9629662D87}.Release|Any CPU.Build.0 = Release|Any CPU
	EndGlobalSection
	GlobalSection(SolutionProperties) = preSolution
		HideSolutionNode = FALSE
	EndGlobalSection
EndGlobal
